{
  "version": 4,
  "terraform_version": "1.3.3",
  "serial": 4,
  "lineage": "68490def-f04a-f30e-7afe-795884933e32",
  "outputs": {
    "name": {
      "value": "b5f863363a7fb11becf309e9d41fb34b0afb09a7",
      "type": "string"
    }
  },
  "resources": [
    {
      "mode": "managed",
      "type": "archive_file",
      "name": "example_zip_1",
      "provider": "provider[\"registry.terraform.io/hashicorp/archive\"]",
      "instances": [
        {
          "schema_version": 0,
          "attributes": {
            "exclude_symlink_directories": null,
            "excludes": null,
            "id": "b5f863363a7fb11becf309e9d41fb34b0afb09a7",
            "output_base64sha256": "JYIVMugZkKjUX1c2Ou7ASQfBQgV3hjQ/NRkg9tJVpQE=",
            "output_base64sha512": "tkhjYzjY8pC99uk5reKy7Cucy2G+art1so5q3OgvfvMVmqgMeH0c5X9sOXXb3yDBg2KHFIvEi7k+zQ22XBqWWA==",
            "output_file_mode": null,
            "output_md5": "7cf0d3920477392bfe810fe81061788f",
            "output_path": "./my_archive.zip",
            "output_sha": "b5f863363a7fb11becf309e9d41fb34b0afb09a7",
            "output_sha256": "25821532e81990a8d45f57363aeec04907c142057786343f351920f6d255a501",
            "output_sha512": "b648636338d8f290bdf6e939ade2b2ec2b9ccb61be6abb75b28e6adce82f7ef3159aa80c787d1ce57f6c3975dbdf20c1836287148bc48bb93ecd0db65c1a9658",
            "output_size": 184831549,
            "source": [],
            "source_content": null,
            "source_content_filename": null,
            "source_dir": ".././02_data_sources",
            "source_file": null,
            "type": "zip"
          },
          "sensitive_attributes": []
        }
      ]
    }
  ],
  "check_results": []
}
