{
  "version": 4,
  "terraform_version": "1.3.3",
  "serial": 20,
  "lineage": "237ba815-fe58-1e4b-acbc-ee709ad67300",
  "outputs": {},
  "resources": [
    {
      "mode": "managed",
      "type": "local_file",
      "name": "example",
      "provider": "provider[\"registry.terraform.io/hashicorp/local\"]",
      "instances": [
        {
          "schema_version": 0,
          "attributes": {
            "content": "This is a test file created by Terraform",
            "content_base64": null,
            "content_base64sha256": "4OipA+euXhBhJT/vPC4MveMKuufwc1TwlGl5YUINA6E=",
            "content_base64sha512": "CXGPX/Sl4DsM57XY9c/a5l0zo24c/ptg2A4lFyY9AckVzUvZl92hSZaYqTJrTjS4jqivghBmcPxlZC4L0PVNlw==",
            "content_md5": "ee98c54728882defba28edb3f8d62cf1",
            "content_sha1": "33881bf842c46bbeaa9a54c552b93391eebf3e10",
            "content_sha256": "e0e8a903e7ae5e1061253fef3c2e0cbde30abae7f07354f094697961420d03a1",
            "content_sha512": "09718f5ff4a5e03b0ce7b5d8f5cfdae65d33a36e1cfe9b60d80e2517263d01c915cd4bd997dda1499698a9326b4e34b88ea8af82106670fc65642e0bd0f54d97",
            "directory_permission": "0777",
            "file_permission": "0777",
            "filename": "./balaramtest.txt",
            "id": "33881bf842c46bbeaa9a54c552b93391eebf3e10",
            "sensitive_content": null,
            "source": null
          },
          "sensitive_attributes": []
        }
      ]
    }
  ],
  "check_results": []
}
