{
  "version": 4,
  "terraform_version": "1.3.3",
  "serial": 10,
  "lineage": "85f50f1b-228c-4f36-6fe3-4c26712171f4",
  "outputs": {},
  "resources": [
    {
      "mode": "managed",
      "type": "github_repository",
      "name": "example",
      "provider": "provider[\"registry.terraform.io/hashicorp/github\"]",
      "instances": [
        {
          "schema_version": 1,
          "attributes": {
            "allow_auto_merge": false,
            "allow_merge_commit": true,
            "allow_rebase_merge": true,
            "allow_squash_merge": true,
            "allow_update_branch": false,
            "archive_on_destroy": null,
            "archived": false,
            "auto_init": null,
            "default_branch": "main",
            "delete_branch_on_merge": false,
            "description": "Repo created by Terraform",
            "etag": "W/\"9eb4ff50bdd9d7ca5c95a1504362352c658554304acbc071837d522b16714673\"",
            "full_name": "manikawsuser2025-del/first-repo-1",
            "git_clone_url": "git://github.com/manikawsuser2025-del/first-repo-1.git",
            "gitignore_template": null,
            "has_discussions": false,
            "has_downloads": false,
            "has_issues": false,
            "has_projects": false,
            "has_wiki": false,
            "homepage_url": "",
            "html_url": "https://github.com/manikawsuser2025-del/first-repo-1",
            "http_clone_url": "https://github.com/manikawsuser2025-del/first-repo-1.git",
            "id": "first-repo-1",
            "ignore_vulnerability_alerts_during_read": null,
            "is_template": false,
            "license_template": null,
            "merge_commit_message": "PR_TITLE",
            "merge_commit_title": "MERGE_MESSAGE",
            "name": "first-repo-1",
            "node_id": "R_kgDOPrcQtA",
            "pages": [],
            "primary_language": "",
            "private": false,
            "repo_id": 1052184756,
            "security_and_analysis": [
              {
                "advanced_security": [],
                "secret_scanning": [
                  {
                    "status": "enabled"
                  }
                ],
                "secret_scanning_push_protection": [
                  {
                    "status": "enabled"
                  }
                ]
              }
            ],
            "squash_merge_commit_message": "COMMIT_MESSAGES",
            "squash_merge_commit_title": "COMMIT_OR_PR_TITLE",
            "ssh_clone_url": "git@github.com:manikawsuser2025-del/first-repo-1.git",
            "svn_url": "https://github.com/manikawsuser2025-del/first-repo-1",
            "template": [],
            "topics": [],
            "visibility": "public",
            "vulnerability_alerts": false,
            "web_commit_signoff_required": false
          },
          "sensitive_attributes": [],
          "private": "eyJzY2hlbWFfdmVyc2lvbiI6IjEifQ=="
        }
      ]
    }
  ],
  "check_results": []
}
