{
  "version": 4,
  "terraform_version": "1.3.3",
  "serial": 47,
  "lineage": "e825a457-858d-0720-48e3-b617e0483e0d",
  "outputs": {},
  "resources": [
    {
      "mode": "data",
      "type": "github_repository",
      "name": "first_repo_1",
      "provider": "provider[\"registry.terraform.io/hashicorp/github\"]",
      "instances": [
        {
          "schema_version": 0,
          "attributes": {
            "allow_auto_merge": false,
            "allow_merge_commit": true,
            "allow_rebase_merge": true,
            "allow_squash_merge": true,
            "allow_update_branch": false,
            "archived": false,
            "default_branch": "main",
            "delete_branch_on_merge": false,
            "description": "Repo created by Terraform",
            "fork": false,
            "full_name": "manikawsuser2025-del/first-repo-1",
            "git_clone_url": "git://github.com/manikawsuser2025-del/first-repo-1.git",
            "has_discussions": false,
            "has_downloads": false,
            "has_issues": false,
            "has_projects": false,
            "has_wiki": false,
            "homepage_url": "",
            "html_url": "https://github.com/manikawsuser2025-del/first-repo-1",
            "http_clone_url": "https://github.com/manikawsuser2025-del/first-repo-1.git",
            "id": "first-repo-1",
            "is_template": false,
            "merge_commit_message": "PR_TITLE",
            "merge_commit_title": "MERGE_MESSAGE",
            "name": "first-repo-1",
            "node_id": "R_kgDOPrcQtA",
            "pages": [],
            "primary_language": "",
            "private": false,
            "repo_id": 1052184756,
            "repository_license": [],
            "squash_merge_commit_message": "COMMIT_MESSAGES",
            "squash_merge_commit_title": "COMMIT_OR_PR_TITLE",
            "ssh_clone_url": "git@github.com:manikawsuser2025-del/first-repo-1.git",
            "svn_url": "https://github.com/manikawsuser2025-del/first-repo-1",
            "template": [],
            "topics": [],
            "visibility": "public"
          },
          "sensitive_attributes": []
        }
      ]
    },
    {
      "mode": "data",
      "type": "local_file",
      "name": "foo",
      "provider": "provider[\"registry.terraform.io/hashicorp/local\"]",
      "instances": [
        {
          "schema_version": 0,
          "attributes": {
            "content": "│ Error: path must not contain '..' due to auth vulnerability issue\r\n│\r\n│   with github_repository_file.foo3,\r\n│   on main.tf line 40, in resource \"github_repository_file\" \"foo3\":\r\n│   40: resource \"github_repository_file\" \"foo3\" {\r\n│",
            "content_base64": "4pSCIEVycm9yOiBwYXRoIG11c3Qgbm90IGNvbnRhaW4gJy4uJyBkdWUgdG8gYXV0aCB2dWxuZXJhYmlsaXR5IGlzc3VlDQrilIINCuKUgiAgIHdpdGggZ2l0aHViX3JlcG9zaXRvcnlfZmlsZS5mb28zLA0K4pSCICAgb24gbWFpbi50ZiBsaW5lIDQwLCBpbiByZXNvdXJjZSAiZ2l0aHViX3JlcG9zaXRvcnlfZmlsZSIgImZvbzMiOg0K4pSCICAgNDA6IHJlc291cmNlICJnaXRodWJfcmVwb3NpdG9yeV9maWxlIiAiZm9vMyIgew0K4pSC",
            "content_base64sha256": "/DGp3fb/3S3GdSxyz8ctdMiftWXIFMPdBybgrMYIC7Y=",
            "content_base64sha512": "LshaX2y3c2GI3KCBjfZTlnbxZ/jL28h9ZUPmNXdqKQfDWbyGF8xeMXt0TXcVd23hEHXGOh1YqyCIxuT1SGURmw==",
            "content_md5": "6643b7e71253223ed229daeb38c755c3",
            "content_sha1": "ce1fc12040b690b65bdf762b7dae72774b24972b",
            "content_sha256": "fc31a9ddf6ffdd2dc6752c72cfc72d74c89fb565c814c3dd0726e0acc6080bb6",
            "content_sha512": "2ec85a5f6cb7736188dca0818df6539676f167f8cbdbc87d6543e635776a2907c359bc8617cc5e317b744d7715776de11075c63a1d58ab2088c6e4f54865119b",
            "filename": "./foo.bar",
            "id": "ce1fc12040b690b65bdf762b7dae72774b24972b"
          },
          "sensitive_attributes": []
        }
      ]
    },
    {
      "mode": "data",
      "type": "local_file",
      "name": "local_file_1",
      "provider": "provider[\"registry.terraform.io/hashicorp/local\"]",
      "instances": [
        {
          "schema_version": 0,
          "attributes": {
            "content": "│ Error: path must not contain '..' due to auth vulnerability issue\r\n│\r\n│   with github_repository_file.foo3,\r\n│   on main.tf line 40, in resource \"github_repository_file\" \"foo3\":\r\n│   40: resource \"github_repository_file\" \"foo3\" {\r\n│",
            "content_base64": "4pSCIEVycm9yOiBwYXRoIG11c3Qgbm90IGNvbnRhaW4gJy4uJyBkdWUgdG8gYXV0aCB2dWxuZXJhYmlsaXR5IGlzc3VlDQrilIINCuKUgiAgIHdpdGggZ2l0aHViX3JlcG9zaXRvcnlfZmlsZS5mb28zLA0K4pSCICAgb24gbWFpbi50ZiBsaW5lIDQwLCBpbiByZXNvdXJjZSAiZ2l0aHViX3JlcG9zaXRvcnlfZmlsZSIgImZvbzMiOg0K4pSCICAgNDA6IHJlc291cmNlICJnaXRodWJfcmVwb3NpdG9yeV9maWxlIiAiZm9vMyIgew0K4pSC",
            "content_base64sha256": "/DGp3fb/3S3GdSxyz8ctdMiftWXIFMPdBybgrMYIC7Y=",
            "content_base64sha512": "LshaX2y3c2GI3KCBjfZTlnbxZ/jL28h9ZUPmNXdqKQfDWbyGF8xeMXt0TXcVd23hEHXGOh1YqyCIxuT1SGURmw==",
            "content_md5": "6643b7e71253223ed229daeb38c755c3",
            "content_sha1": "ce1fc12040b690b65bdf762b7dae72774b24972b",
            "content_sha256": "fc31a9ddf6ffdd2dc6752c72cfc72d74c89fb565c814c3dd0726e0acc6080bb6",
            "content_sha512": "2ec85a5f6cb7736188dca0818df6539676f167f8cbdbc87d6543e635776a2907c359bc8617cc5e317b744d7715776de11075c63a1d58ab2088c6e4f54865119b",
            "filename": "./foo.bar",
            "id": "ce1fc12040b690b65bdf762b7dae72774b24972b"
          },
          "sensitive_attributes": []
        }
      ]
    },
    {
      "mode": "managed",
      "type": "github_repository",
      "name": "example",
      "provider": "provider[\"registry.terraform.io/hashicorp/github\"]",
      "instances": [
        {
          "schema_version": 1,
          "attributes": {
            "allow_auto_merge": false,
            "allow_merge_commit": true,
            "allow_rebase_merge": true,
            "allow_squash_merge": true,
            "allow_update_branch": false,
            "archive_on_destroy": null,
            "archived": false,
            "auto_init": null,
            "default_branch": "main",
            "delete_branch_on_merge": false,
            "description": "set by manually",
            "etag": "W/\"8f0ee94ee6efe3397ce57d0fc22d39d147585f6a8c687d4c1471525fc479e0e7\"",
            "full_name": "manikawsuser2025-del/Sample_Repo_1",
            "git_clone_url": "git://github.com/manikawsuser2025-del/Sample_Repo_1.git",
            "gitignore_template": null,
            "has_discussions": false,
            "has_downloads": false,
            "has_issues": false,
            "has_projects": false,
            "has_wiki": false,
            "homepage_url": "",
            "html_url": "https://github.com/manikawsuser2025-del/Sample_Repo_1",
            "http_clone_url": "https://github.com/manikawsuser2025-del/Sample_Repo_1.git",
            "id": "Sample_Repo_1",
            "ignore_vulnerability_alerts_during_read": null,
            "is_template": false,
            "license_template": null,
            "merge_commit_message": "PR_TITLE",
            "merge_commit_title": "MERGE_MESSAGE",
            "name": "Sample_Repo_1",
            "node_id": "R_kgDOPrbZYg",
            "pages": [],
            "primary_language": "",
            "private": false,
            "repo_id": 1052170594,
            "security_and_analysis": [
              {
                "advanced_security": [],
                "secret_scanning": [
                  {
                    "status": "enabled"
                  }
                ],
                "secret_scanning_push_protection": [
                  {
                    "status": "enabled"
                  }
                ]
              }
            ],
            "squash_merge_commit_message": "COMMIT_MESSAGES",
            "squash_merge_commit_title": "COMMIT_OR_PR_TITLE",
            "ssh_clone_url": "git@github.com:manikawsuser2025-del/Sample_Repo_1.git",
            "svn_url": "https://github.com/manikawsuser2025-del/Sample_Repo_1",
            "template": [],
            "topics": [],
            "visibility": "public",
            "vulnerability_alerts": false,
            "web_commit_signoff_required": false
          },
          "sensitive_attributes": [],
          "private": "eyJzY2hlbWFfdmVyc2lvbiI6IjEifQ=="
        }
      ]
    },
    {
      "mode": "managed",
      "type": "github_repository_file",
      "name": "foo",
      "provider": "provider[\"registry.terraform.io/hashicorp/github\"]",
      "instances": [
        {
          "schema_version": 0,
          "attributes": {
            "autocreate_branch": null,
            "autocreate_branch_source_branch": null,
            "autocreate_branch_source_sha": null,
            "branch": null,
            "commit_author": null,
            "commit_email": null,
            "commit_message": "Update terraform_statefile",
            "commit_sha": "d44175bec1db4240dc9b87665da0236929efe80e",
            "content": "this is just descriptiopn",
            "file": "terraform_statefile",
            "id": "Sample_Repo_1/terraform_statefile",
            "overwrite_on_create": false,
            "ref": "main",
            "repository": "Sample_Repo_1",
            "sha": "0f0e453108e9225b0b190398246d412a2b7ef5ec"
          },
          "sensitive_attributes": [],
          "private": "bnVsbA==",
          "dependencies": [
            "github_repository.example"
          ]
        }
      ]
    },
    {
      "mode": "managed",
      "type": "github_repository_file",
      "name": "foo2",
      "provider": "provider[\"registry.terraform.io/hashicorp/github\"]",
      "instances": [
        {
          "schema_version": 0,
          "attributes": {
            "autocreate_branch": null,
            "autocreate_branch_source_branch": null,
            "autocreate_branch_source_sha": null,
            "branch": null,
            "commit_author": null,
            "commit_email": null,
            "commit_message": "Add ./test.txt",
            "commit_sha": "480098ed4fa2d944e27429856e643e7c0bf25604",
            "content": "this is first tf rescoure",
            "file": "./test.txt",
            "id": "Sample_Repo_1/./test.txt",
            "overwrite_on_create": false,
            "ref": "main",
            "repository": "Sample_Repo_1",
            "sha": "3b2008c56c96df44dd502eba2e6e6827cf120f73"
          },
          "sensitive_attributes": [],
          "private": "bnVsbA==",
          "dependencies": [
            "github_repository.example",
            "local_file.foo"
          ]
        }
      ]
    },
    {
      "mode": "managed",
      "type": "github_repository_file",
      "name": "foo3",
      "provider": "provider[\"registry.terraform.io/hashicorp/github\"]",
      "instances": [
        {
          "schema_version": 0,
          "attributes": {
            "autocreate_branch": null,
            "autocreate_branch_source_branch": null,
            "autocreate_branch_source_sha": null,
            "branch": null,
            "commit_author": null,
            "commit_email": null,
            "commit_message": "Add ./foo.bar",
            "commit_sha": "2e2cd6d805193f4a5bd1694966342d83241b13ab",
            "content": "│ Error: path must not contain '..' due to auth vulnerability issue\r\n│\r\n│   with github_repository_file.foo3,\r\n│   on main.tf line 40, in resource \"github_repository_file\" \"foo3\":\r\n│   40: resource \"github_repository_file\" \"foo3\" {\r\n│",
            "file": "./foo.bar",
            "id": "Sample_Repo_1/./foo.bar",
            "overwrite_on_create": false,
            "ref": "main",
            "repository": "Sample_Repo_1",
            "sha": "d2a1eaadf0b7d5341e9c06025ec432fb810deed4"
          },
          "sensitive_attributes": [],
          "private": "bnVsbA==",
          "dependencies": [
            "data.local_file.foo",
            "github_repository.example"
          ]
        }
      ]
    },
    {
      "mode": "managed",
      "type": "local_file",
      "name": "foo",
      "provider": "provider[\"registry.terraform.io/hashicorp/local\"]",
      "instances": [
        {
          "schema_version": 0,
          "attributes": {
            "content": "this is first tf rescoure",
            "content_base64": null,
            "content_base64sha256": "ydaQcq4I5jPrdc3yfW2ggfGrKRiHUbb2KbVoMcGAc1k=",
            "content_base64sha512": "8uGY67dsMMKl2dBJFWtXaxtSB7n4XjixtjaHVavqfFd1Gc6zYdAPwRjvdr5yAp+4tmNu0C5uLqcCzGXktn4LuA==",
            "content_md5": "93dcbf7a404ab755b8bd9efc85c1a1bf",
            "content_sha1": "86ce9918837e838d566542cd78b752b19ecd9cb0",
            "content_sha256": "c9d69072ae08e633eb75cdf27d6da081f1ab29188751b6f629b56831c1807359",
            "content_sha512": "f2e198ebb76c30c2a5d9d049156b576b1b5207b9f85e38b1b6368755abea7c577519ceb361d00fc118ef76be72029fb8b6636ed02e6e2ea702cc65e4b67e0bb8",
            "directory_permission": "0777",
            "file_permission": "0777",
            "filename": "./test.txt",
            "id": "86ce9918837e838d566542cd78b752b19ecd9cb0",
            "sensitive_content": null,
            "source": null
          },
          "sensitive_attributes": []
        }
      ]
    }
  ],
  "check_results": null
}
